
Microsoft Visual Studio Solution File, Format Version 12.00
# Visual Studio Version 17
VisualStudioVersion = 17.8.34330.188
MinimumVisualStudioVersion = 10.0.40219.1
Project("{888888A0-9F3D-457C-B088-3A5042F75D52}") = "Country", "Country.pyproj", "{B81271E8-19F7-40B7-9528-7CED8FE2F780}"
EndProject
Global
	GlobalSection(SolutionConfigurationPlatforms) = preSolution
		Debug|Any CPU = Debug|Any CPU
		Release|Any CPU = Release|Any CPU
	EndGlobalSection
	GlobalSection(ProjectConfigurationPlatforms) = postSolution
		{B81271E8-19F7-40B7-9528-7CED8FE2F780}.Debug|Any CPU.ActiveCfg = Debug|Any CPU
		{B81271E8-19F7-40B7-9528-7CED8FE2F780}.Release|Any CPU.ActiveCfg = Release|Any CPU
	EndGlobalSection
	GlobalSection(SolutionProperties) = preSolution
		HideSolutionNode = FALSE
	EndGlobalSection
	GlobalSection(ExtensibilityGlobals) = postSolution
		SolutionGuid = {79D0E476-4E45-443A-8CE4-E7D91AB31F6D}
	EndGlobalSection
EndGlobal
